
Microsoft Visual Studio Solution File, Format Version 12.00
Project("{FAE04EC0-301F-11D3-BF4B-00C04F79EFBC}") = "InPostAdmin", "InPostAdmin\InPostAdmin.csproj", "{98B55377-1D04-4850-8768-676AD458D15A}"
EndProject
Global
	GlobalSection(SolutionConfigurationPlatforms) = preSolution
		Debug|Any CPU = Debug|Any CPU
		Release|Any CPU = Release|Any CPU
	EndGlobalSection
	GlobalSection(ProjectConfigurationPlatforms) = postSolution
		{98B55377-1D04-4850-8768-676AD458D15A}.Debug|Any CPU.ActiveCfg = Debug|Any CPU
		{98B55377-1D04-4850-8768-676AD458D15A}.Debug|Any CPU.Build.0 = Debug|Any CPU
		{98B55377-1D04-4850-8768-676AD458D15A}.Release|Any CPU.ActiveCfg = Release|Any CPU
		{98B55377-1D04-4850-8768-676AD458D15A}.Release|Any CPU.Build.0 = Release|Any CPU
	EndGlobalSection
EndGlobal
